
Microsoft Visual Studio Solution File, Format Version 12.00
# Visual Studio Version 17
VisualStudioVersion = 17.7.34031.279
MinimumVisualStudioVersion = 10.0.40219.1
Project("{FAE04EC0-301F-11D3-BF4B-00C04F79EFBC}") = "UTB.Eshop.Web", "UTB.Eshop.Web\UTB.Eshop.Web.csproj", "{7637402B-9224-4DE1-AB9F-580A40DE775B}"
EndProject
Project("{FAE04EC0-301F-11D3-BF4B-00C04F79EFBC}") = "UTB.Eshop.Domain", "UTB.Eshop.Domain\UTB.Eshop.Domain.csproj", "{26E9A286-C7A0-4DCF-8758-8F21EEAEAA4F}"
EndProject
Project("{FAE04EC0-301F-11D3-BF4B-00C04F79EFBC}") = "UTB.Eshop.Infrastructure", "UTB.Eshop.Infrastructure\UTB.Eshop.Infrastructure.csproj", "{35E79DFE-459A-43F1-9A35-685411B9F6C5}"
EndProject
Project("{FAE04EC0-301F-11D3-BF4B-00C04F79EFBC}") = "UTB.Eshop.Application", "UTB.Eshop.Application\UTB.Eshop.Application.csproj", "{15987CD5-9225-4809-9CDE-0EEF50136A30}"
EndProject
Project("{FAE04EC0-301F-11D3-BF4B-00C04F79EFBC}") = "UTB.Eshop.Tests", "UTB.Eshop.Tests\UTB.Eshop.Tests.csproj", "{36B8A332-E704-4F49-BEE9-4F470DDF9F92}"
EndProject
Global
	GlobalSection(SolutionConfigurationPlatforms) = preSolution
		Debug|Any CPU = Debug|Any CPU
		Release|Any CPU = Release|Any CPU
	EndGlobalSection
	GlobalSection(ProjectConfigurationPlatforms) = postSolution
		{7637402B-9224-4DE1-AB9F-580A40DE775B}.Debug|Any CPU.ActiveCfg = Debug|Any CPU
		{7637402B-9224-4DE1-AB9F-580A40DE775B}.Debug|Any CPU.Build.0 = Debug|Any CPU
		{7637402B-9224-4DE1-AB9F-580A40DE775B}.Release|Any CPU.ActiveCfg = Release|Any CPU
		{7637402B-9224-4DE1-AB9F-580A40DE775B}.Release|Any CPU.Build.0 = Release|Any CPU
		{26E9A286-C7A0-4DCF-8758-8F21EEAEAA4F}.Debug|Any CPU.ActiveCfg = Debug|Any CPU
		{26E9A286-C7A0-4DCF-8758-8F21EEAEAA4F}.Debug|Any CPU.Build.0 = Debug|Any CPU
		{26E9A286-C7A0-4DCF-8758-8F21EEAEAA4F}.Release|Any CPU.ActiveCfg = Release|Any CPU
		{26E9A286-C7A0-4DCF-8758-8F21EEAEAA4F}.Release|Any CPU.Build.0 = Release|Any CPU
		{35E79DFE-459A-43F1-9A35-685411B9F6C5}.Debug|Any CPU.ActiveCfg = Debug|Any CPU
		{35E79DFE-459A-43F1-9A35-685411B9F6C5}.Debug|Any CPU.Build.0 = Debug|Any CPU
		{35E79DFE-459A-43F1-9A35-685411B9F6C5}.Release|Any CPU.ActiveCfg = Release|Any CPU
		{35E79DFE-459A-43F1-9A35-685411B9F6C5}.Release|Any CPU.Build.0 = Release|Any CPU
		{15987CD5-9225-4809-9CDE-0EEF50136A30}.Debug|Any CPU.ActiveCfg = Debug|Any CPU
		{15987CD5-9225-4809-9CDE-0EEF50136A30}.Debug|Any CPU.Build.0 = Debug|Any CPU
		{15987CD5-9225-4809-9CDE-0EEF50136A30}.Release|Any CPU.ActiveCfg = Release|Any CPU
		{15987CD5-9225-4809-9CDE-0EEF50136A30}.Release|Any CPU.Build.0 = Release|Any CPU
		{36B8A332-E704-4F49-BEE9-4F470DDF9F92}.Debug|Any CPU.ActiveCfg = Debug|Any CPU
		{36B8A332-E704-4F49-BEE9-4F470DDF9F92}.Debug|Any CPU.Build.0 = Debug|Any CPU
		{36B8A332-E704-4F49-BEE9-4F470DDF9F92}.Release|Any CPU.ActiveCfg = Release|Any CPU
		{36B8A332-E704-4F49-BEE9-4F470DDF9F92}.Release|Any CPU.Build.0 = Release|Any CPU
	EndGlobalSection
	GlobalSection(SolutionProperties) = preSolution
		HideSolutionNode = FALSE
	EndGlobalSection
	GlobalSection(ExtensibilityGlobals) = postSolution
		SolutionGuid = {B91E8098-4584-41F8-9D69-83FFEC89C0B1}
	EndGlobalSection
EndGlobal
